
Microsoft Visual Studio Solution File, Format Version 12.00
# Visual Studio 2012
Project("{FAE04EC0-301F-11D3-BF4B-00C04F79EFBC}") = "BuildTheWall", "BuildTheWall\BuildTheWall.csproj", "{B387E3E4-156F-44DE-BB11-59C5C2FA21B7}"
EndProject
Global
	GlobalSection(SolutionConfigurationPlatforms) = preSolution
		Debug|Any CPU = Debug|Any CPU
		Release|Any CPU = Release|Any CPU
	EndGlobalSection
	GlobalSection(ProjectConfigurationPlatforms) = postSolution
		{B387E3E4-156F-44DE-BB11-59C5C2FA21B7}.Debug|Any CPU.ActiveCfg = Debug|Any CPU
		{B387E3E4-156F-44DE-BB11-59C5C2FA21B7}.Debug|Any CPU.Build.0 = Debug|Any CPU
		{B387E3E4-156F-44DE-BB11-59C5C2FA21B7}.Release|Any CPU.ActiveCfg = Release|Any CPU
		{B387E3E4-156F-44DE-BB11-59C5C2FA21B7}.Release|Any CPU.Build.0 = Release|Any CPU
	EndGlobalSection
	GlobalSection(MonoDevelopProperties) = preSolution
		StartupItem = BuildTheWall\BuildTheWall.csproj
	EndGlobalSection
EndGlobal
